
Microsoft Visual Studio Solution File, Format Version 12.00
# Visual Studio Version 17
VisualStudioVersion = 17.13.36105.23
MinimumVisualStudioVersion = 10.0.40219.1
Project("{FAE04EC0-301F-11D3-BF4B-00C04F79EFBC}") = "05_Slot_Machine", "05_Slot_Machine.csproj", "{6C9C2874-090D-452C-AB63-3F8AF5A85076}"
EndProject
Global
	GlobalSection(SolutionConfigurationPlatforms) = preSolution
		Debug|Any CPU = Debug|Any CPU
		Debug|x64 = Debug|x64
		Debug|x86 = Debug|x86
		Release|Any CPU = Release|Any CPU
		Release|x64 = Release|x64
		Release|x86 = Release|x86
	EndGlobalSection
	GlobalSection(ProjectConfigurationPlatforms) = postSolution
		{6C9C2874-090D-452C-AB63-3F8AF5A85076}.Debug|Any CPU.ActiveCfg = Debug|Any CPU
		{6C9C2874-090D-452C-AB63-3F8AF5A85076}.Debug|Any CPU.Build.0 = Debug|Any CPU
		{6C9C2874-090D-452C-AB63-3F8AF5A85076}.Debug|x64.ActiveCfg = Debug|Any CPU
		{6C9C2874-090D-452C-AB63-3F8AF5A85076}.Debug|x64.Build.0 = Debug|Any CPU
		{6C9C2874-090D-452C-AB63-3F8AF5A85076}.Debug|x86.ActiveCfg = Debug|Any CPU
		{6C9C2874-090D-452C-AB63-3F8AF5A85076}.Debug|x86.Build.0 = Debug|Any CPU
		{6C9C2874-090D-452C-AB63-3F8AF5A85076}.Release|Any CPU.ActiveCfg = Release|Any CPU
		{6C9C2874-090D-452C-AB63-3F8AF5A85076}.Release|Any CPU.Build.0 = Release|Any CPU
		{6C9C2874-090D-452C-AB63-3F8AF5A85076}.Release|x64.ActiveCfg = Release|Any CPU
		{6C9C2874-090D-452C-AB63-3F8AF5A85076}.Release|x64.Build.0 = Release|Any CPU
		{6C9C2874-090D-452C-AB63-3F8AF5A85076}.Release|x86.ActiveCfg = Release|Any CPU
		{6C9C2874-090D-452C-AB63-3F8AF5A85076}.Release|x86.Build.0 = Release|Any CPU
	EndGlobalSection
	GlobalSection(SolutionProperties) = preSolution
		HideSolutionNode = FALSE
	EndGlobalSection
	GlobalSection(ExtensibilityGlobals) = postSolution
		SolutionGuid = {799D234B-EE4A-4F66-9D67-9045740C1E0F}
	EndGlobalSection
EndGlobal
